
Microsoft Visual Studio Solution File, Format Version 12.00
# Visual Studio Version 17
VisualStudioVersion = 17.7.33711.374
MinimumVisualStudioVersion = 10.0.40219.1
Project("{FAE04EC0-301F-11D3-BF4B-00C04F79EFBC}") = "ItemsRepeaterOddDataTemplateBehaviorTest", "ItemsRepeaterOddDataTemplateBehaviorTest.csproj", "{1116770D-2EDF-40F8-A803-1F3CD1265CCE}"
EndProject
Global
	GlobalSection(SolutionConfigurationPlatforms) = preSolution
		Debug|Any CPU = Debug|Any CPU
		Release|Any CPU = Release|Any CPU
	EndGlobalSection
	GlobalSection(ProjectConfigurationPlatforms) = postSolution
		{1116770D-2EDF-40F8-A803-1F3CD1265CCE}.Debug|Any CPU.ActiveCfg = Debug|Any CPU
		{1116770D-2EDF-40F8-A803-1F3CD1265CCE}.Debug|Any CPU.Build.0 = Debug|Any CPU
		{1116770D-2EDF-40F8-A803-1F3CD1265CCE}.Release|Any CPU.ActiveCfg = Release|Any CPU
		{1116770D-2EDF-40F8-A803-1F3CD1265CCE}.Release|Any CPU.Build.0 = Release|Any CPU
	EndGlobalSection
	GlobalSection(SolutionProperties) = preSolution
		HideSolutionNode = FALSE
	EndGlobalSection
	GlobalSection(ExtensibilityGlobals) = postSolution
		SolutionGuid = {ADB48DB1-EFD8-4568-845F-62C270252228}
	EndGlobalSection
EndGlobal
